PODS:
  - Canary/Core (0.2.5):
    - CocoaLumberjack
    - MJExtension
    - SAMKeychain (~> 1.5)
    - SocketRocket (~> 0.5)
  - Canary/Swift (0.2.5):
    - Canary/Core
    - CocoaLumberjack/Swift
    - MJExtension
    - SAMKeychain (~> 1.5)
    - SocketRocket (~> 0.5)
  - CocoaAsyncSocket (7.6.5)
  - CocoaLumberjack (3.7.0):
    - CocoaLumberjack/Core (= 3.7.0)
  - CocoaLumberjack/Core (3.7.0)
  - CocoaLumberjack/Swift (3.7.0):
    - CocoaLumberjack/Core
  - CryptoSwift (1.3.1)
  - MJExtension (3.2.4)
  - Nimble (9.0.0)
  - Preferences (2.2.1)
  - Quick (3.1.2)
  - SAMKeychain (1.5.3)
  - SocketRocket (0.5.1)
  - Starscream (4.0.4)
  - SwiftyJSON (5.0.0)

DEPENDENCIES:
  - Canary/Swift
  - CocoaAsyncSocket
  - CryptoSwift
  - Nimble
  - Preferences
  - Quick
  - Starscream
  - SwiftyJSON

SPEC REPOS:
  trunk:
    - Canary
    - CocoaAsyncSocket
    - CocoaLumberjack
    - CryptoSwift
    - MJExtension
    - Nimble
    - Preferences
    - Quick
    - SAMKeychain
    - SocketRocket
    - Starscream
    - SwiftyJSON

SPEC CHECKSUMS:
  Canary: c1f2dc01bbde672849f2bd0c7dcfff64f8a408e8
  CocoaAsyncSocket: 065fd1e645c7abab64f7a6a2007a48038fdc6a99
  CocoaLumberjack: e8955b9d337ac307103b0a34fd141c32f27e53c5
  CryptoSwift: f12f037f6d0fcd6d48c96db0071b653de64e6c4d
  MJExtension: 88e0900751b6cac8de1cf724ca9838a0b28d5acb
  Nimble: 3b4ec3fd40f1dc178058e0981107721c615643d8
  Preferences: ff84aee191e7c4f2587a8ed6d753c9abc384d086
  Quick: 60f0ea3b8e0cfc0df3259a5c06a238ad8b3c46e0
  SAMKeychain: 483e1c9f32984d50ca961e26818a534283b4cd5c
  SocketRocket: d57c7159b83c3c6655745cd15302aa24b6bae531
  Starscream: 5178aed56b316f13fa3bc55694e583d35dd414d9
  SwiftyJSON: 36413e04c44ee145039d332b4f4e2d3e8d6c4db7

PODFILE CHECKSUM: ddbc269bf791ab34a59cc81185e8cb3c1f6705f1

COCOAPODS: 1.10.1
