PODS:
  - CocoaAsyncSocket (7.6.5)
  - CocoaLumberjack/Core (3.7.2)
  - CocoaLumberjack/Swift (3.7.2):
    - CocoaLumberjack/Core
  - CryptoSwift (1.4.0)
  - Nimble (9.2.0)
  - Preferences (2.3.0)
  - Quick (4.0.0)
  - Starscream (4.0.4)
  - SwifterSwift (5.2.0):
    - SwifterSwift/AppKit (= 5.2.0)
    - SwifterSwift/CoreAnimation (= 5.2.0)
    - SwifterSwift/CoreGraphics (= 5.2.0)
    - SwifterSwift/CoreLocation (= 5.2.0)
    - SwifterSwift/Dispatch (= 5.2.0)
    - SwifterSwift/Foundation (= 5.2.0)
    - SwifterSwift/MapKit (= 5.2.0)
    - SwifterSwift/SceneKit (= 5.2.0)
    - SwifterSwift/SpriteKit (= 5.2.0)
    - SwifterSwift/StoreKit (= 5.2.0)
    - SwifterSwift/SwiftStdlib (= 5.2.0)
    - SwifterSwift/UIKit (= 5.2.0)
  - SwifterSwift/AppKit (5.2.0)
  - SwifterSwift/CoreAnimation (5.2.0)
  - SwifterSwift/CoreGraphics (5.2.0)
  - SwifterSwift/CoreLocation (5.2.0)
  - SwifterSwift/Dispatch (5.2.0)
  - SwifterSwift/Foundation (5.2.0)
  - SwifterSwift/MapKit (5.2.0)
  - SwifterSwift/SceneKit (5.2.0)
  - SwifterSwift/SpriteKit (5.2.0)
  - SwifterSwift/StoreKit (5.2.0)
  - SwifterSwift/SwiftStdlib (5.2.0)
  - SwifterSwift/UIKit (5.2.0)
  - SwiftyJSON (5.0.1)

DEPENDENCIES:
  - CocoaAsyncSocket
  - CocoaLumberjack/Swift
  - CryptoSwift
  - Nimble
  - Preferences
  - Quick
  - Starscream
  - SwifterSwift
  - SwiftyJSON

SPEC REPOS:
  trunk:
    - CocoaAsyncSocket
    - CocoaLumberjack
    - CryptoSwift
    - Nimble
    - Preferences
    - Quick
    - Starscream
    - SwifterSwift
    - SwiftyJSON

SPEC CHECKSUMS:
  CocoaAsyncSocket: 065fd1e645c7abab64f7a6a2007a48038fdc6a99
  CocoaLumberjack: b7e05132ff94f6ae4dfa9d5bce9141893a21d9da
  CryptoSwift: 7cc902df1784de3b389a387756c7d710f197730c
  Nimble: 4f4a345c80b503b3ea13606a4f98405974ee4d0b
  Preferences: 74934e0d3661a343a53646679985c136a7b994bb
  Quick: 6473349e43b9271a8d43839d9ba1c442ed1b7ac4
  Starscream: 5178aed56b316f13fa3bc55694e583d35dd414d9
  SwifterSwift: 334181863c416882d97b7a60c05054d9e4d799e2
  SwiftyJSON: 2f33a42c6fbc52764d96f13368585094bfd8aa5e

PODFILE CHECKSUM: a68b48e16a66832f15713028e9cabff8f5206561

COCOAPODS: 1.10.1
